
Microsoft Visual Studio Solution File, Format Version 12.00
# Visual Studio 2013
VisualStudioVersion = 12.0.31101.0
MinimumVisualStudioVersion = 10.0.40219.1
Project("{FAE04EC0-301F-11D3-BF4B-00C04F79EFBC}") = "presentation-assistant-9.0", "resharper-presentation-assistant\presentation-assistant-9.0.csproj", "{A08A37CC-0CC2-429D-9EF7-B36391FBD812}"
EndProject
Project("{2150E333-8FDC-42A3-9474-1A3956D46DE8}") = ".nuget", ".nuget", "{CAF17764-18DD-4FE6-A856-AB06C1905280}"
	ProjectSection(SolutionItems) = preProject
		.nuget\packages.config = .nuget\packages.config
	EndProjectSection
EndProject
Project("{FAE04EC0-301F-11D3-BF4B-00C04F79EFBC}") = "presentation-assistant-9.1", "resharper-presentation-assistant\presentation-assistant-9.1.csproj", "{F53DF30C-1B97-4535-93FE-32BEF6265721}"
EndProject
Global
	GlobalSection(SolutionConfigurationPlatforms) = preSolution
		Debug|Any CPU = Debug|Any CPU
		Release|Any CPU = Release|Any CPU
	EndGlobalSection
	GlobalSection(ProjectConfigurationPlatforms) = postSolution
		{A08A37CC-0CC2-429D-9EF7-B36391FBD812}.Debug|Any CPU.ActiveCfg = Debug|Any CPU
		{A08A37CC-0CC2-429D-9EF7-B36391FBD812}.Debug|Any CPU.Build.0 = Debug|Any CPU
		{A08A37CC-0CC2-429D-9EF7-B36391FBD812}.Release|Any CPU.ActiveCfg = Release|Any CPU
		{A08A37CC-0CC2-429D-9EF7-B36391FBD812}.Release|Any CPU.Build.0 = Release|Any CPU
		{F53DF30C-1B97-4535-93FE-32BEF6265721}.Debug|Any CPU.ActiveCfg = Debug|Any CPU
		{F53DF30C-1B97-4535-93FE-32BEF6265721}.Debug|Any CPU.Build.0 = Debug|Any CPU
		{F53DF30C-1B97-4535-93FE-32BEF6265721}.Release|Any CPU.ActiveCfg = Release|Any CPU
		{F53DF30C-1B97-4535-93FE-32BEF6265721}.Release|Any CPU.Build.0 = Release|Any CPU
	EndGlobalSection
	GlobalSection(SolutionProperties) = preSolution
		HideSolutionNode = FALSE
	EndGlobalSection
EndGlobal
